
Microsoft Visual Studio Solution File, Format Version 12.00
# Visual Studio Version 17
VisualStudioVersion = 17.5.002.0
MinimumVisualStudioVersion = 10.0.40219.1
Project("{2150E333-8FDC-42A3-9474-1A3956D46DE8}") = "tests", "tests", "{C1F5A879-3A26-4621-ADB7-3B1C59CBC8B3}"
EndProject
Project("{9A19103F-16F7-4668-BE54-9A1E7A4F7556}") = "Workleap.DotNet.CodingStandards.Tests", "tests\Workleap.DotNet.CodingStandards.Tests\Workleap.DotNet.CodingStandards.Tests.csproj", "{640037BA-49DF-4BBD-9858-3DC89E2739FD}"
EndProject
Global
	GlobalSection(SolutionConfigurationPlatforms) = preSolution
		Debug|Any CPU = Debug|Any CPU
		Release|Any CPU = Release|Any CPU
	EndGlobalSection
	GlobalSection(ProjectConfigurationPlatforms) = postSolution
		{640037BA-49DF-4BBD-9858-3DC89E2739FD}.Debug|Any CPU.ActiveCfg = Debug|Any CPU
		{640037BA-49DF-4BBD-9858-3DC89E2739FD}.Debug|Any CPU.Build.0 = Debug|Any CPU
		{640037BA-49DF-4BBD-9858-3DC89E2739FD}.Release|Any CPU.ActiveCfg = Release|Any CPU
		{640037BA-49DF-4BBD-9858-3DC89E2739FD}.Release|Any CPU.Build.0 = Release|Any CPU
	EndGlobalSection
	GlobalSection(SolutionProperties) = preSolution
		HideSolutionNode = FALSE
	EndGlobalSection
	GlobalSection(NestedProjects) = preSolution
		{640037BA-49DF-4BBD-9858-3DC89E2739FD} = {C1F5A879-3A26-4621-ADB7-3B1C59CBC8B3}
	EndGlobalSection
	GlobalSection(ExtensibilityGlobals) = postSolution
		SolutionGuid = {18E64023-58E9-4BA2-BCE7-4BD5E1A023C1}
	EndGlobalSection
EndGlobal
